{
  "requires": true,
  "lockfileVersion": 1,
  "dependencies": {
    "glm-js": {
      "version": "0.0.6-c",
      "resolved": "https://registry.npmjs.org/glm-js/-/glm-js-0.0.6-c.tgz",
      "integrity": "sha512-x3LtH/tcnS8qDoPVKeZ2vS/MqIvp6Y9IrADfizuMFji9srTgt8afQ4JOGDx2LVV+D5ZzNfqid3UuTvwtH0PKnQ=="
    },
    "webgl-utils.js": {
      "version": "1.1.0",
      "resolved": "https://registry.npmjs.org/webgl-utils.js/-/webgl-utils.js-1.1.0.tgz",
      "integrity": "sha512-cmO2aPd6gR6bK/ttdk8ZIypJfZMOcTvsvXv/LxXZjAFu5TC6vXqFrZYudlPuKxVsA34Pc8Fysq2rCnflu+wuuA=="
    }
  }
}
